{
  "name": "duck-ui-web",
  "version": "0.1.0",
  "lockfileVersion": 3,
  "requires": true,
  "packages": {
    "": {
      "name": "duck-ui-web",
      "version": "0.1.0",
      "dependencies": {
        "@primer/primitives": "11.4.0"
      }
    },
    "node_modules/@primer/primitives": {
      "version": "11.4.0",
      "resolved": "https://registry.npmjs.org/@primer/primitives/-/primitives-11.4.0.tgz",
      "integrity": "sha512-JIt98Fs0c8vhOw3uNf+sxqmvCdo0VoCZPBRg4frNK/xNpDMZsQh7V0Rp7wiGbr3f1w+4oqv40sfgaftMQTnwXQ==",
      "license": "MIT"
    }
  }
}
